Microsoft Visual Studio Solution File, Format Version 11.00
# Visual Studio 2008

Project("{76BCA1E7-597A-243E-C48B-4F09A1A28355}") = "TankAttack", "Assembly-CSharp.csproj", "{3AFEF0C9-0BD4-0B6F-3419-0FCAF48AEC63}"
EndProject
Global
	GlobalSection(SolutionConfigurationPlatforms) = preSolution
		Debug|Any CPU = Debug|Any CPU
		Release|Any CPU = Release|Any CPU
	EndGlobalSection
	GlobalSection(ProjectConfigurationPlatforms) = postSolution
		{3AFEF0C9-0BD4-0B6F-3419-0FCAF48AEC63}.Debug|Any CPU.ActiveCfg = Debug|Any CPU
		{3AFEF0C9-0BD4-0B6F-3419-0FCAF48AEC63}.Debug|Any CPU.Build.0 = Debug|Any CPU
		{3AFEF0C9-0BD4-0B6F-3419-0FCAF48AEC63}.Release|Any CPU.ActiveCfg = Release|Any CPU
		{3AFEF0C9-0BD4-0B6F-3419-0FCAF48AEC63}.Release|Any CPU.Build.0 = Release|Any CPU
	EndGlobalSection
	GlobalSection(SolutionProperties) = preSolution
		HideSolutionNode = FALSE
	EndGlobalSection
	GlobalSection(MonoDevelopProperties) = preSolution
		StartupItem = Assembly-CSharp.csproj
	EndGlobalSection
EndGlobal
