
Microsoft Visual Studio Solution File, Format Version 12.00
# Visual Studio 2015
Project("{FAE04EC0-301F-11D3-BF4B-00C04F79EFBC}") = "TankAttack.Plugins", "TankAttack.Plugins.csproj", "{8008304F-746F-E92A-3B9D-E0613B0139D1}"
EndProject
Project("{FAE04EC0-301F-11D3-BF4B-00C04F79EFBC}") = "TankAttack", "TankAttack.csproj", "{6EFEC471-84AB-5E75-4376-C2056B4416DC}"
EndProject
Project("{FAE04EC0-301F-11D3-BF4B-00C04F79EFBC}") = "TankAttack.Editor", "TankAttack.Editor.csproj", "{659BDB4E-33AC-509E-D812-F2DB63CC764F}"
EndProject
Global
	GlobalSection(SolutionConfigurationPlatforms) = preSolution
		Debug|Any CPU = Debug|Any CPU
		Release|Any CPU = Release|Any CPU
	EndGlobalSection
	GlobalSection(ProjectConfigurationPlatforms) = postSolution
		{8008304F-746F-E92A-3B9D-E0613B0139D1}.Debug|Any CPU.ActiveCfg = Debug|Any CPU
		{8008304F-746F-E92A-3B9D-E0613B0139D1}.Debug|Any CPU.Build.0 = Debug|Any CPU
		{8008304F-746F-E92A-3B9D-E0613B0139D1}.Release|Any CPU.ActiveCfg = Release|Any CPU
		{8008304F-746F-E92A-3B9D-E0613B0139D1}.Release|Any CPU.Build.0 = Release|Any CPU
		{6EFEC471-84AB-5E75-4376-C2056B4416DC}.Debug|Any CPU.ActiveCfg = Debug|Any CPU
		{6EFEC471-84AB-5E75-4376-C2056B4416DC}.Debug|Any CPU.Build.0 = Debug|Any CPU
		{6EFEC471-84AB-5E75-4376-C2056B4416DC}.Release|Any CPU.ActiveCfg = Release|Any CPU
		{6EFEC471-84AB-5E75-4376-C2056B4416DC}.Release|Any CPU.Build.0 = Release|Any CPU
		{659BDB4E-33AC-509E-D812-F2DB63CC764F}.Debug|Any CPU.ActiveCfg = Debug|Any CPU
		{659BDB4E-33AC-509E-D812-F2DB63CC764F}.Debug|Any CPU.Build.0 = Debug|Any CPU
		{659BDB4E-33AC-509E-D812-F2DB63CC764F}.Release|Any CPU.ActiveCfg = Release|Any CPU
		{659BDB4E-33AC-509E-D812-F2DB63CC764F}.Release|Any CPU.Build.0 = Release|Any CPU
	EndGlobalSection
	GlobalSection(SolutionProperties) = preSolution
		HideSolutionNode = FALSE
	EndGlobalSection
EndGlobal
